
Microsoft Visual Studio Solution File, Format Version 12.00
# Visual Studio Version 17
VisualStudioVersion = 17.14.36401.2 d17.14
MinimumVisualStudioVersion = 10.0.40219.1
Project("{FAE04EC0-301F-11D3-BF4B-00C04F79EFBC}") = "Assignment6", "Assignment6\Assignment6.csproj", "{DB7423BA-85E5-432E-9F52-525F134305F2}"
EndProject
Global
	GlobalSection(SolutionConfigurationPlatforms) = preSolution
		Debug|Any CPU = Debug|Any CPU
		Release|Any CPU = Release|Any CPU
	EndGlobalSection
	GlobalSection(ProjectConfigurationPlatforms) = postSolution
		{DB7423BA-85E5-432E-9F52-525F134305F2}.Debug|Any CPU.ActiveCfg = Debug|Any CPU
		{DB7423BA-85E5-432E-9F52-525F134305F2}.Debug|Any CPU.Build.0 = Debug|Any CPU
		{DB7423BA-85E5-432E-9F52-525F134305F2}.Release|Any CPU.ActiveCfg = Release|Any CPU
		{DB7423BA-85E5-432E-9F52-525F134305F2}.Release|Any CPU.Build.0 = Release|Any CPU
	EndGlobalSection
	GlobalSection(SolutionProperties) = preSolution
		HideSolutionNode = FALSE
	EndGlobalSection
	GlobalSection(ExtensibilityGlobals) = postSolution
		SolutionGuid = {7C909846-59B3-4E3D-952E-0F16D1A90F36}
	EndGlobalSection
EndGlobal
